{
  "name": "jsbridge",
  "version": "1.0.0",
  "lockfileVersion": 1,
  "requires": true,
  "dependencies": {
    "webviewbridgeclient": {
      "version": "1.0.1",
      "resolved": "https://registry.npmjs.org/webviewbridgeclient/-/webviewbridgeclient-1.0.1.tgz",
      "integrity": "sha1-JFhAjEJ7x6JS6rNY5PAyTqaYqIQ="
    }
  }
}
